<?xml version="1.0" encoding="utf-8"?>
<Project ToolsVersion="14.0"
  xmlns="http://schemas.microsoft.com/developer/msbuild/2003">
  <ItemGroup>
    <Filter Include="Assets">
      <UniqueIdentifier>{193845b3-9a86-4f09-9e71-c32ce2f335bf}</UniqueIdentifier>
    </Filter>
    <ApplicationDefinition Include="App.xaml" />
    <ClCompile Include="App.xaml.cpp" />
    <ClInclude Include="App.xaml.h" />
    <Page Include="MainPage.xaml" />
    <ClCompile Include="MainPage.xaml.cpp" />
    <ClInclude Include="MainPage.xaml.h" />
    <AppxManifest Include="Package.appxmanifest" />
    <ClCompile Include="pch.cpp" />
    <ClInclude Include="pch.h" />
    <None Include="Assets\SplashScreen.scale-200.png">
      <Filter>Assets</Filter>
    </None>
    <None Include="Assets\Square150x150Logo.scale-200.png">
      <Filter>Assets</Filter>
    </None>
    <None Include="Assets\Square44x44Logo.scale-200.png">
      <Filter>Assets</Filter>
    </None>
    <None Include="Assets\Square44x44Logo.targetsize-24.png">
      <Filter>Assets</Filter>
    </None>
    <None Include="Assets\Square44x44Logo.targetsize-24_altform-unplated.png">
      <Filter>Assets</Filter>
    </None>
    <None Include="Assets\Wide310x150Logo.scale-200.png">
      <Filter>Assets</Filter>
    </None>
    <Filter Include="purchase">
      <UniqueIdentifier>{f3226da7-e9ea-4f7a-aa73-bf64edd719b6}</UniqueIdentifier>
    </Filter>
    <Filter Include="facebook">
      <UniqueIdentifier>{98c3bca7-cb57-4e83-bd02-eb77d479f2fa}</UniqueIdentifier>
    </Filter>
    <Filter Include="backgroundTask">
      <UniqueIdentifier>{14b4f982-a3d8-47cf-b999-0c2587bba925}</UniqueIdentifier>
    </Filter>
    <Filter Include="push">
      <UniqueIdentifier>{ff08430c-0387-43a1-856c-e51a9fbad9a8}</UniqueIdentifier>
    </Filter>
    <Filter Include="lib">
      <UniqueIdentifier>{6c72ff09-1f9f-4337-9200-28d491efc351}</UniqueIdentifier>
    </Filter>
    <Filter Include="NativeHelper">
      <UniqueIdentifier>{3af765d7-4226-4656-b514-679c606e076a}</UniqueIdentifier>
    </Filter>
  </ItemGroup>
  <ItemGroup>
    <None Include="StoreKey.pfx" />
    <None Include="packages.config" />
  </ItemGroup>
  <ItemGroup>
    <ClCompile Include="purchase\PurchaseManager.cpp">
      <Filter>purchase</Filter>
    </ClCompile>
    <ClCompile Include="facebook\FacebookManager.cpp">
      <Filter>facebook</Filter>
    </ClCompile>
    <ClCompile Include="backgroundTask\NotificationActionBackgroundTask.cpp">
      <Filter>backgroundTask</Filter>
    </ClCompile>
    <ClCompile Include="push\PushManager.cpp">
      <Filter>push</Filter>
    </ClCompile>
    <ClCompile Include="push\PushNotification.cpp">
      <Filter>push</Filter>
    </ClCompile>
    <ClCompile Include="push\TileHelper.cpp">
      <Filter>push</Filter>
    </ClCompile>
    <ClCompile Include="push\ToastHelper.cpp">
      <Filter>push</Filter>
    </ClCompile>
    <ClCompile Include="push\WnsWrapper.cpp">
      <Filter>push</Filter>
    </ClCompile>
    <ClCompile Include="lib\base64.cpp">
      <Filter>lib</Filter>
    </ClCompile>
    <ClCompile Include="lib\imageUtils.cpp">
      <Filter>lib</Filter>
    </ClCompile>
    <ClCompile Include="lib\utils.cpp">
      <Filter>lib</Filter>
    </ClCompile>
    <ClCompile Include="NativeHelper\NativeHelper.cpp">
      <Filter>NativeHelper</Filter>
    </ClCompile>
    <ClCompile Include="NativeHelper\PurchaseManagerBridge.cpp">
      <Filter>NativeHelper</Filter>
    </ClCompile>
    <ClCompile Include="NativeHelper\SocialManagerBridge.cpp">
      <Filter>NativeHelper</Filter>
    </ClCompile>
    <ClCompile Include="NativeHelper\VideoAdsControllerBridge.cpp">
      <Filter>NativeHelper</Filter>
    </ClCompile>
  </ItemGroup>
  <ItemGroup>
    <ClInclude Include="purchase\PurchaseManager.h">
      <Filter>purchase</Filter>
    </ClInclude>
    <ClInclude Include="facebook\FacebookManager.h">
      <Filter>facebook</Filter>
    </ClInclude>
    <ClInclude Include="backgroundTask\NotificationActionBackgroundTask.h">
      <Filter>backgroundTask</Filter>
    </ClInclude>
    <ClInclude Include="push\PushManager.h">
      <Filter>push</Filter>
    </ClInclude>
    <ClInclude Include="push\PushNotification.h">
      <Filter>push</Filter>
    </ClInclude>
    <ClInclude Include="push\TileHelper.h">
      <Filter>push</Filter>
    </ClInclude>
    <ClInclude Include="push\ToastHelper.h">
      <Filter>push</Filter>
    </ClInclude>
    <ClInclude Include="push\WnsWrapper.h">
      <Filter>push</Filter>
    </ClInclude>
    <ClInclude Include="lib\base64.h">
      <Filter>lib</Filter>
    </ClInclude>
    <ClInclude Include="lib\imageUtils.h">
      <Filter>lib</Filter>
    </ClInclude>
    <ClInclude Include="lib\utils.h">
      <Filter>lib</Filter>
    </ClInclude>
    <ClInclude Include="NativeHelper\NativeHelper.h">
      <Filter>NativeHelper</Filter>
    </ClInclude>
    <ClInclude Include="NativeHelper\PurchaseManagerBridge.h">
      <Filter>NativeHelper</Filter>
    </ClInclude>
    <ClInclude Include="NativeHelper\SocialManagerBridge.h">
      <Filter>NativeHelper</Filter>
    </ClInclude>
    <ClInclude Include="NativeHelper\VideoAdsControllerBridge.h">
      <Filter>NativeHelper</Filter>
    </ClInclude>
  </ItemGroup>
  <ItemGroup>
    <Xml Include="purchase\in-app-purchase.xml">
      <Filter>purchase</Filter>
    </Xml>
  </ItemGroup>
  <ItemGroup>
    <PRIResource Include="Resources.resw" />
  </ItemGroup>
  <ItemGroup>
    <Image Include="Assets\SmallTile.scale-100.png">
      <Filter>Assets</Filter>
    </Image>
    <Image Include="Assets\SmallTile.scale-125.png">
      <Filter>Assets</Filter>
    </Image>
    <Image Include="Assets\SmallTile.scale-150.png">
      <Filter>Assets</Filter>
    </Image>
    <Image Include="Assets\SmallTile.scale-200.png">
      <Filter>Assets</Filter>
    </Image>
    <Image Include="Assets\SmallTile.scale-400.png">
      <Filter>Assets</Filter>
    </Image>
    <Image Include="Assets\Square150x150Logo.scale-100.png">
      <Filter>Assets</Filter>
    </Image>
    <Image Include="Assets\Square150x150Logo.scale-125.png">
      <Filter>Assets</Filter>
    </Image>
    <Image Include="Assets\Square150x150Logo.scale-150.png">
      <Filter>Assets</Filter>
    </Image>
    <Image Include="Assets\Square150x150Logo.scale-400.png">
      <Filter>Assets</Filter>
    </Image>
    <Image Include="Assets\Wide310x150Logo.scale-100.png">
      <Filter>Assets</Filter>
    </Image>
    <Image Include="Assets\Wide310x150Logo.scale-125.png">
      <Filter>Assets</Filter>
    </Image>
    <Image Include="Assets\Wide310x150Logo.scale-150.png">
      <Filter>Assets</Filter>
    </Image>
    <Image Include="Assets\Wide310x150Logo.scale-400.png">
      <Filter>Assets</Filter>
    </Image>
    <Image Include="Assets\LargeTile.scale-100.png">
      <Filter>Assets</Filter>
    </Image>
    <Image Include="Assets\LargeTile.scale-125.png">
      <Filter>Assets</Filter>
    </Image>
    <Image Include="Assets\LargeTile.scale-150.png">
      <Filter>Assets</Filter>
    </Image>
    <Image Include="Assets\LargeTile.scale-200.png">
      <Filter>Assets</Filter>
    </Image>
    <Image Include="Assets\LargeTile.scale-400.png">
      <Filter>Assets</Filter>
    </Image>
    <Image Include="Assets\Square44x44Logo.scale-100.png">
      <Filter>Assets</Filter>
    </Image>
    <Image Include="Assets\Square44x44Logo.scale-125.png">
      <Filter>Assets</Filter>
    </Image>
    <Image Include="Assets\Square44x44Logo.scale-150.png">
      <Filter>Assets</Filter>
    </Image>
    <Image Include="Assets\Square44x44Logo.scale-400.png">
      <Filter>Assets</Filter>
    </Image>
    <Image Include="Assets\Square44x44Logo.targetsize-16.png">
      <Filter>Assets</Filter>
    </Image>
    <Image Include="Assets\Square44x44Logo.targetsize-32.png">
      <Filter>Assets</Filter>
    </Image>
    <Image Include="Assets\Square44x44Logo.targetsize-48.png">
      <Filter>Assets</Filter>
    </Image>
    <Image Include="Assets\Square44x44Logo.targetsize-256.png">
      <Filter>Assets</Filter>
    </Image>
    <Image Include="Assets\Square44x44Logo.altform-unplated_targetsize-16.png">
      <Filter>Assets</Filter>
    </Image>
    <Image Include="Assets\Square44x44Logo.altform-unplated_targetsize-32.png">
      <Filter>Assets</Filter>
    </Image>
    <Image Include="Assets\Square44x44Logo.altform-unplated_targetsize-48.png">
      <Filter>Assets</Filter>
    </Image>
    <Image Include="Assets\Square44x44Logo.altform-unplated_targetsize-256.png">
      <Filter>Assets</Filter>
    </Image>
    <Image Include="Assets\BadgeLogo.scale-100.png">
      <Filter>Assets</Filter>
    </Image>
    <Image Include="Assets\BadgeLogo.scale-125.png">
      <Filter>Assets</Filter>
    </Image>
    <Image Include="Assets\BadgeLogo.scale-150.png">
      <Filter>Assets</Filter>
    </Image>
    <Image Include="Assets\BadgeLogo.scale-200.png">
      <Filter>Assets</Filter>
    </Image>
    <Image Include="Assets\BadgeLogo.scale-400.png">
      <Filter>Assets</Filter>
    </Image>
    <Image Include="Assets\StoreLogo.scale-100.png">
      <Filter>Assets</Filter>
    </Image>
    <Image Include="Assets\StoreLogo.scale-125.png">
      <Filter>Assets</Filter>
    </Image>
    <Image Include="Assets\StoreLogo.scale-150.png">
      <Filter>Assets</Filter>
    </Image>
    <Image Include="Assets\StoreLogo.scale-200.png">
      <Filter>Assets</Filter>
    </Image>
    <Image Include="Assets\StoreLogo.scale-400.png">
      <Filter>Assets</Filter>
    </Image>
    <Image Include="Assets\SplashScreen.scale-100.png">
      <Filter>Assets</Filter>
    </Image>
    <Image Include="Assets\SplashScreen.scale-125.png">
      <Filter>Assets</Filter>
    </Image>
    <Image Include="Assets\SplashScreen.scale-150.png">
      <Filter>Assets</Filter>
    </Image>
    <Image Include="Assets\SplashScreen.scale-400.png">
      <Filter>Assets</Filter>
    </Image>
  </ItemGroup>
</Project>
